<Solution>
  <Folder Name="/src/">
    <Project Path="src/McpKit/McpKit.csproj" />
  </Folder>
  <Folder Name="/samples/">
    <Project Path="samples/McpKit.Sample/McpKit.Sample.csproj" />
  </Folder>
  <Folder Name="/tests/">
    <Project Path="tests/McpKit.Tests/McpKit.Tests.csproj" />
  </Folder>
</Solution>
